
Microsoft Visual Studio Solution File, Format Version 12.00
# Visual Studio 15
VisualStudioVersion = 15.0.28010.2003
MinimumVisualStudioVersion = 10.0.40219.1
Project("{FAE04EC0-301F-11D3-BF4B-00C04F79EFBC}") = "WebApplication3", "WebApplication3\WebApplication3.csproj", "{888DAF3C-4FC9-46AA-966B-06E9B6BCDA38}"
EndProject
Global
	GlobalSection(SolutionConfigurationPlatforms) = preSolution
		Debug|Any CPU = Debug|Any CPU
		Release|Any CPU = Release|Any CPU
	EndGlobalSection
	GlobalSection(ProjectConfigurationPlatforms) = postSolution
		{888DAF3C-4FC9-46AA-966B-06E9B6BCDA38}.Debug|Any CPU.ActiveCfg = Debug|Any CPU
		{888DAF3C-4FC9-46AA-966B-06E9B6BCDA38}.Debug|Any CPU.Build.0 = Debug|Any CPU
		{888DAF3C-4FC9-46AA-966B-06E9B6BCDA38}.Release|Any CPU.ActiveCfg = Release|Any CPU
		{888DAF3C-4FC9-46AA-966B-06E9B6BCDA38}.Release|Any CPU.Build.0 = Release|Any CPU
	EndGlobalSection
	GlobalSection(SolutionProperties) = preSolution
		HideSolutionNode = FALSE
	EndGlobalSection
	GlobalSection(ExtensibilityGlobals) = postSolution
		SolutionGuid = {93F1127B-AE99-43CE-B65D-4B4D2AD63DDC}
	EndGlobalSection
EndGlobal
